<?xml version="1.0" encoding="utf-8"?>
<Project ToolsVersion="4.0" xmlns="http://schemas.microsoft.com/developer/msbuild/2003">
  <ItemGroup>
    <Filter Include="源文件">
      <UniqueIdentifier>{4FC737F1-C7A5-4376-A066-2A32D752A2FF}</UniqueIdentifier>
      <Extensions>cpp;c;cc;cxx;def;odl;idl;hpj;bat;asm;asmx</Extensions>
    </Filter>
    <Filter Include="头文件">
      <UniqueIdentifier>{93995380-89BD-4b04-88EB-625FBE52EBFB}</UniqueIdentifier>
      <Extensions>h;hh;hpp;hxx;hm;inl;inc;ipp;xsd</Extensions>
    </Filter>
    <Filter Include="资源文件">
      <UniqueIdentifier>{67DA6AB6-F800-4c08-8B7A-83BB121AAD01}</UniqueIdentifier>
      <Extensions>rc;ico;cur;bmp;dlg;rc2;rct;bin;rgs;gif;jpg;jpeg;jpe;resx;tiff;tif;png;wav;mfcribbon-ms</Extensions>
    </Filter>
  </ItemGroup>
  <ItemGroup>
    <ClCompile Include="main.cpp">
      <Filter>源文件</Filter>
    </ClCompile>
    <ClCompile Include="utils.cpp">
      <Filter>源文件</Filter>
    </ClCompile>
    <ClCompile Include="io.cpp">
      <Filter>源文件</Filter>
    </ClCompile>
    <ClCompile Include="scene.cpp">
      <Filter>源文件</Filter>
    </ClCompile>
    <ClCompile Include="Include\ply_io.c">
      <Filter>源文件</Filter>
    </ClCompile>
    <ClCompile Include="ground.cpp">
      <Filter>源文件</Filter>
    </ClCompile>
    <ClCompile Include="shader.cpp">
      <Filter>源文件</Filter>
    </ClCompile>
    <ClCompile Include="vertex.cpp">
      <Filter>源文件</Filter>
    </ClCompile>
    <ClCompile Include="mesh.cpp">
      <Filter>源文件</Filter>
    </ClCompile>
    <ClCompile Include="camera.cpp">
      <Filter>源文件</Filter>
    </ClCompile>
    <ClCompile Include="wireframe.cpp">
      <Filter>源文件</Filter>
    </ClCompile>
  </ItemGroup>
  <ItemGroup>
    <ClInclude Include="scene.h">
      <Filter>头文件</Filter>
    </ClInclude>
    <ClInclude Include="ggl.h">
      <Filter>头文件</Filter>
    </ClInclude>
    <ClInclude Include="utils.h">
      <Filter>头文件</Filter>
    </ClInclude>
    <ClInclude Include="io.h">
      <Filter>头文件</Filter>
    </ClInclude>
    <ClInclude Include="Include\objloader.h">
      <Filter>头文件</Filter>
    </ClInclude>
    <ClInclude Include="Include\ply_io.h">
      <Filter>头文件</Filter>
    </ClInclude>
    <ClInclude Include="Include\sbt_image.h">
      <Filter>头文件</Filter>
    </ClInclude>
    <ClInclude Include="Include\glm\ext.hpp">
      <Filter>头文件</Filter>
    </ClInclude>
    <ClInclude Include="Include\glm\glm.hpp">
      <Filter>头文件</Filter>
    </ClInclude>
    <ClInclude Include="ground.h">
      <Filter>头文件</Filter>
    </ClInclude>
    <ClInclude Include="shader.h">
      <Filter>头文件</Filter>
    </ClInclude>
    <ClInclude Include="mesh.h">
      <Filter>头文件</Filter>
    </ClInclude>
    <ClInclude Include="vertex.h">
      <Filter>头文件</Filter>
    </ClInclude>
    <ClInclude Include="camera.h">
      <Filter>头文件</Filter>
    </ClInclude>
    <ClInclude Include="wireframe.h">
      <Filter>头文件</Filter>
    </ClInclude>
  </ItemGroup>
  <ItemGroup>
    <None Include="Res\test.fs">
      <Filter>资源文件</Filter>
    </None>
    <None Include="Res\test.vs">
      <Filter>资源文件</Filter>
    </None>
    <None Include="ground.vert">
      <Filter>资源文件</Filter>
    </None>
    <None Include="ground.frag">
      <Filter>资源文件</Filter>
    </None>
    <None Include="trimesh.vert">
      <Filter>资源文件</Filter>
    </None>
    <None Include="trimesh.frag">
      <Filter>资源文件</Filter>
    </None>
    <None Include="model_gooch.vert">
      <Filter>资源文件</Filter>
    </None>
    <None Include="model_gooch.frag">
      <Filter>资源文件</Filter>
    </None>
    <None Include="wireframe.vert">
      <Filter>资源文件</Filter>
    </None>
    <None Include="wireframe.frag">
      <Filter>资源文件</Filter>
    </None>
  </ItemGroup>
</Project>